
Microsoft Visual Studio Solution File, Format Version 12.00
# Visual Studio Version 17
VisualStudioVersion = 17.10.35013.160
MinimumVisualStudioVersion = 10.0.40219.1
Project("{9A19103F-16F7-4668-BE54-9A1E7A4F7556}") = "Index.Source", "Index.Source\Index.Source.csproj", "{7857241F-0F08-4945-87BB-2BAD343A8DA0}"
EndProject
Project("{9A19103F-16F7-4668-BE54-9A1E7A4F7556}") = "Index.Search", "Index.Search\Index.Search.csproj", "{3F634DB2-2DB5-4660-B9FA-F4BFB080C80A}"
EndProject
Project("{E53339B2-1760-4266-BCC7-CA923CBCF16C}") = "docker-compose", "docker-compose.dcproj", "{2A5906B3-816F-4C93-BD26-D3F4747BC19B}"
EndProject
Project("{FAE04EC0-301F-11D3-BF4B-00C04F79EFBC}") = "Index.Shared", "Index.Shared\Index.Shared.csproj", "{E1656CC9-32CD-4F06-9764-0CB1DFC00C3A}"
EndProject
Global
	GlobalSection(SolutionConfigurationPlatforms) = preSolution
		Debug|Any CPU = Debug|Any CPU
		Release|Any CPU = Release|Any CPU
	EndGlobalSection
	GlobalSection(ProjectConfigurationPlatforms) = postSolution
		{7857241F-0F08-4945-87BB-2BAD343A8DA0}.Debug|Any CPU.ActiveCfg = Debug|Any CPU
		{7857241F-0F08-4945-87BB-2BAD343A8DA0}.Debug|Any CPU.Build.0 = Debug|Any CPU
		{7857241F-0F08-4945-87BB-2BAD343A8DA0}.Release|Any CPU.ActiveCfg = Release|Any CPU
		{7857241F-0F08-4945-87BB-2BAD343A8DA0}.Release|Any CPU.Build.0 = Release|Any CPU
		{3F634DB2-2DB5-4660-B9FA-F4BFB080C80A}.Debug|Any CPU.ActiveCfg = Debug|Any CPU
		{3F634DB2-2DB5-4660-B9FA-F4BFB080C80A}.Debug|Any CPU.Build.0 = Debug|Any CPU
		{3F634DB2-2DB5-4660-B9FA-F4BFB080C80A}.Release|Any CPU.ActiveCfg = Release|Any CPU
		{3F634DB2-2DB5-4660-B9FA-F4BFB080C80A}.Release|Any CPU.Build.0 = Release|Any CPU
		{2A5906B3-816F-4C93-BD26-D3F4747BC19B}.Debug|Any CPU.ActiveCfg = Debug|Any CPU
		{2A5906B3-816F-4C93-BD26-D3F4747BC19B}.Debug|Any CPU.Build.0 = Debug|Any CPU
		{2A5906B3-816F-4C93-BD26-D3F4747BC19B}.Release|Any CPU.ActiveCfg = Release|Any CPU
		{2A5906B3-816F-4C93-BD26-D3F4747BC19B}.Release|Any CPU.Build.0 = Release|Any CPU
		{E1656CC9-32CD-4F06-9764-0CB1DFC00C3A}.Debug|Any CPU.ActiveCfg = Debug|Any CPU
		{E1656CC9-32CD-4F06-9764-0CB1DFC00C3A}.Debug|Any CPU.Build.0 = Debug|Any CPU
		{E1656CC9-32CD-4F06-9764-0CB1DFC00C3A}.Release|Any CPU.ActiveCfg = Release|Any CPU
		{E1656CC9-32CD-4F06-9764-0CB1DFC00C3A}.Release|Any CPU.Build.0 = Release|Any CPU
	EndGlobalSection
	GlobalSection(SolutionProperties) = preSolution
		HideSolutionNode = FALSE
	EndGlobalSection
	GlobalSection(ExtensibilityGlobals) = postSolution
		SolutionGuid = {6931624C-29C5-486A-B9A5-D9F03CC67260}
	EndGlobalSection
EndGlobal
